// !$*UTF8*$!
{
	archiveVersion = 1;
	classes = {
	};
	objectVersion = 77;
	objects = {

/* Begin PBXBuildFile section */
		EF11E75C2E01A1EF0091AB32 /* Kingfisher in Frameworks */ = {isa = PBXBuildFile; productRef = EF11E75B2E01A1EF0091AB32 /* Kingfisher */; };
		EF21B63E2DF9479600C9C916 /* GoogleSignIn in Frameworks */ = {isa = PBXBuildFile; productRef = EF21B63D2DF9479600C9C916 /* GoogleSignIn */; };
		EF21B6402DF9479600C9C916 /* GoogleSignInSwift in Frameworks */ = {isa = PBXBuildFile; productRef = EF21B63F2DF9479600C9C916 /* GoogleSignInSwift */; };
		EF2B3F742E06FDB20055B8D3 /* FirebaseFirestore in Frameworks */ = {isa = PBXBuildFile; productRef = EF2B3F732E06FDB20055B8D3 /* FirebaseFirestore */; };
		EF2B3F762E06FE0C0055B8D3 /* FirebaseAuth in Frameworks */ = {isa = PBXBuildFile; productRef = EF2B3F752E06FE0C0055B8D3 /* FirebaseAuth */; };
		EF2B3F782E06FE0C0055B8D3 /* FirebaseCore in Frameworks */ = {isa = PBXBuildFile; productRef = EF2B3F772E06FE0C0055B8D3 /* FirebaseCore */; };
		EF2B3F7C2E06FE170055B8D3 /* GoogleSignIn in Frameworks */ = {isa = PBXBuildFile; productRef = EF2B3F7B2E06FE170055B8D3 /* GoogleSignIn */; };
		EF2B3F7E2E06FE170055B8D3 /* GoogleSignInSwift in Frameworks */ = {isa = PBXBuildFile; productRef = EF2B3F7D2E06FE170055B8D3 /* GoogleSignInSwift */; };
		EF2B3F802E06FE170055B8D3 /* Kingfisher in Frameworks */ = {isa = PBXBuildFile; productRef = EF2B3F7F2E06FE170055B8D3 /* Kingfisher */; };
		EF2B3F822E06FE230055B8D3 /* SDWebImageSwiftUI in Frameworks */ = {isa = PBXBuildFile; productRef = EF2B3F812E06FE230055B8D3 /* SDWebImageSwiftUI */; };
		EF2BC47A2E0B21660055B8D3 /* FirebaseMessaging in Frameworks */ = {isa = PBXBuildFile; productRef = EF2BC4792E0B21660055B8D3 /* FirebaseMessaging */; };
		EF2BC47C2E0B2AFA0055B8D3 /* FirebaseFunctions in Frameworks */ = {isa = PBXBuildFile; productRef = EF2BC47B2E0B2AFA0055B8D3 /* FirebaseFunctions */; };
		EF2BC47E2E0B2B0D0055B8D3 /* FirebaseFunctions in Frameworks */ = {isa = PBXBuildFile; productRef = EF2BC47D2E0B2B0D0055B8D3 /* FirebaseFunctions */; };
		EF2BC4822E0B353A0055B8D3 /* FirebaseAppCheck in Frameworks */ = {isa = PBXBuildFile; productRef = EF2BC4812E0B353A0055B8D3 /* FirebaseAppCheck */; };
		EF2BC4842E0B35420055B8D3 /* FirebaseAppCheck in Frameworks */ = {isa = PBXBuildFile; productRef = EF2BC4832E0B35420055B8D3 /* FirebaseAppCheck */; };
		EF2BC4862E0C0E620055B8D3 /* FirebaseMessaging in Frameworks */ = {isa = PBXBuildFile; productRef = EF2BC4852E0C0E620055B8D3 /* FirebaseMessaging */; };
		EF3A36302E3B1CC800C20E87 /* FirebaseStorage in Frameworks */ = {isa = PBXBuildFile; productRef = EF3A362F2E3B1CC800C20E87 /* FirebaseStorage */; };
		EF56FFD52DFA150A00AA14F3 /* SDWebImageSwiftUI in Frameworks */ = {isa = PBXBuildFile; productRef = EF56FFD42DFA150A00AA14F3 /* SDWebImageSwiftUI */; };
		EFA43B892DEC9A11004781D4 /* FirebaseAuth in Frameworks */ = {isa = PBXBuildFile; productRef = EFA43B882DEC9A11004781D4 /* FirebaseAuth */; };
		EFA43B8B2DEC9A11004781D4 /* FirebaseCore in Frameworks */ = {isa = PBXBuildFile; productRef = EFA43B8A2DEC9A11004781D4 /* FirebaseCore */; };
		EFA43B8D2DEC9A11004781D4 /* FirebaseFirestore in Frameworks */ = {isa = PBXBuildFile; productRef = EFA43B8C2DEC9A11004781D4 /* FirebaseFirestore */; };
		EFA43BA82DEEB572004781D4 /* FirebaseStorage in Frameworks */ = {isa = PBXBuildFile; productRef = EFA43BA72DEEB572004781D4 /* FirebaseStorage */; };
/* End PBXBuildFile section */

/* Begin PBXContainerItemProxy section */
		EF2B3F382E06F9F10055B8D3 /* PBXContainerItemProxy */ = {
			isa = PBXContainerItemProxy;
			containerPortal = EFA43B542DEC967E004781D4 /* Project object */;
			proxyType = 1;
			remoteGlobalIDString = EF2B3F262E06F9F00055B8D3;
			remoteInfo = "Encore Viewer";
		};
		EF2B3F422E06F9F20055B8D3 /* PBXContainerItemProxy */ = {
			isa = PBXContainerItemProxy;
			containerPortal = EFA43B542DEC967E004781D4 /* Project object */;
			proxyType = 1;
			remoteGlobalIDString = EF2B3F262E06F9F00055B8D3;
			remoteInfo = "Encore Viewer";
		};
		EFA43B6B2DEC967F004781D4 /* PBXContainerItemProxy */ = {
			isa = PBXContainerItemProxy;
			containerPortal = EFA43B542DEC967E004781D4 /* Project object */;
			proxyType = 1;
			remoteGlobalIDString = EFA43B5B2DEC967E004781D4;
			remoteInfo = Encore;
		};
		EFA43B752DEC967F004781D4 /* PBXContainerItemProxy */ = {
			isa = PBXContainerItemProxy;
			containerPortal = EFA43B542DEC967E004781D4 /* Project object */;
			proxyType = 1;
			remoteGlobalIDString = EFA43B5B2DEC967E004781D4;
			remoteInfo = Encore;
		};
/* End PBXContainerItemProxy section */

/* Begin PBXFileReference section */
		EF2B3F272E06F9F00055B8D3 /* Encore Viewer.app */ = {isa = PBXFileReference; explicitFileType = wrapper.application; includeInIndex = 0; path = "Encore Viewer.app"; sourceTree = BUILT_PRODUCTS_DIR; };
		EF2B3F372E06F9F10055B8D3 /* Encore ViewerTests.xctest */ = {isa = PBXFileReference; explicitFileType = wrapper.cfbundle; includeInIndex = 0; path = "Encore ViewerTests.xctest"; sourceTree = BUILT_PRODUCTS_DIR; };
		EF2B3F412E06F9F20055B8D3 /* Encore ViewerUITests.xctest */ = {isa = PBXFileReference; explicitFileType = wrapper.cfbundle; includeInIndex = 0; path = "Encore ViewerUITests.xctest"; sourceTree = BUILT_PRODUCTS_DIR; };
		EFA43B5C2DEC967E004781D4 /* Encore.app */ = {isa = PBXFileReference; explicitFileType = wrapper.application; includeInIndex = 0; path = Encore.app; sourceTree = BUILT_PRODUCTS_DIR; };
		EFA43B6A2DEC967F004781D4 /* EncoreTests.xctest */ = {isa = PBXFileReference; explicitFileType = wrapper.cfbundle; includeInIndex = 0; path = EncoreTests.xctest; sourceTree = BUILT_PRODUCTS_DIR; };
		EFA43B742DEC967F004781D4 /* EncoreUITests.xctest */ = {isa = PBXFileReference; explicitFileType = wrapper.cfbundle; includeInIndex = 0; path = EncoreUITests.xctest; sourceTree = BUILT_PRODUCTS_DIR; };
/* End PBXFileReference section */

/* Begin PBXFileSystemSynchronizedBuildFileExceptionSet section */
		EF21B6422DF94D4700C9C916 /* Exceptions for "Encore" folder in "Encore" target */ = {
			isa = PBXFileSystemSynchronizedBuildFileExceptionSet;
			membershipExceptions = (
				"GoogleService-Info-iOS.plist",
				Info.plist,
				Mobile/MobileMainView.swift,
				Mobile/MobileTourItineraryView.swift,
			);
			target = EFA43B5B2DEC967E004781D4 /* Encore */;
		};
		EF2B3F492E06F9F20055B8D3 /* Exceptions for "Encore Viewer" folder in "Encore Viewer" target */ = {
			isa = PBXFileSystemSynchronizedBuildFileExceptionSet;
			membershipExceptions = (
				Info.plist,
			);
			target = EF2B3F262E06F9F00055B8D3 /* Encore Viewer */;
		};
		EF2B3F542E06FA130055B8D3 /* Exceptions for "Encore" folder in "Encore Viewer" target */ = {
			isa = PBXFileSystemSynchronizedBuildFileExceptionSet;
			membershipExceptions = (
				AppState.swift,
				Assets.xcassets,
				AuthManager.swift,
				CustomButtonStyles.swift,
				CustomSecureField.swift,
				CustomTextEditor.swift,
				CustomTextField.swift,
				EncoreApp.swift,
				Export/ExportConfiguration.swift,
				Export/ExportViewModel.swift,
				Extensions.swift,
				"GoogleService-Info-iOS.plist",
				ItineraryItemCard.swift,
				ItineraryItemType.swift,
				Mobile/MobileMainView.swift,
				Mobile/MobileTourItineraryView.swift,
				Models/AirportModel.swift,
				Models/BulkTicketEditViewModel.swift,
				Models/ConfigureTicketsViewModel.swift,
				Models/Contact.swift,
				Models/EventsTabViewModel.swift,
				Models/Flight.swift,
				Models/GuestListItemModel.swift,
				Models/Hotel.swift,
				Models/ItineraryDayModel.swift,
				Models/ItineraryItem.swift,
				Models/ItineraryViewModel.swift,
				Models/LandingPageViewModel.swift,
				Models/MyAccountViewModel.swift,
				Models/PersonalNote.swift,
				Models/SelectTourViewModel.swift,
				Models/SetlistItem.swift,
				Models/Show.swift,
				Models/ShowModel.swift,
				Models/SupportAct.swift,
				Models/SupportActModel.swift,
				Models/TicketedEvent.swift,
				Models/TicketOrder.swift,
				Models/TicketSale.swift,
				Models/TicketType.swift,
				Models/Tour.swift,
				Models/TourCrew.swift,
				Models/Venue.swift,
				OfflineSyncManager.swift,
				SectionHeader.swift,
				Services/FirebaseTourService.swift,
				Services/InvitationService.swift,
				Services/NotificationService.swift,
				Services/VenueSearchService.swift,
				StyledButton.swift,
				StyledButtonV2.swift,
				StyledDateField.swift,
				StyledDropdown.swift,
				StyledInputField.swift,
				StyledStepper.swift,
				StyledTimePicker.swift,
				ThemeManager.swift,
				TicketingAPI.swift,
				TimezoneHelper.swift,
				TourCard.swift,
				Views/AddShowView.swift,
				Views/BroadcastView.swift,
				Views/DashboardView.swift,
				Views/ItineraryItemAddView.swift,
				Views/ItineraryItemEditView.swift,
				Views/JoinTourView.swift,
				Views/MyAccountView.swift,
				Views/NotificationsView.swift,
				Views/SignInDynamicContentView.swift,
				Views/SignInView.swift,
				Views/SignUpView.swift,
				Views/ThemeSwitchView.swift,
				Views/TourItineraryView.swift,
				Views/TourListView.swift,
			);
			target = EF2B3F262E06F9F00055B8D3 /* Encore Viewer */;
		};
/* End PBXFileSystemSynchronizedBuildFileExceptionSet section */

/* Begin PBXFileSystemSynchronizedRootGroup section */
		EF2B3F282E06F9F00055B8D3 /* Encore Viewer */ = {
			isa = PBXFileSystemSynchronizedRootGroup;
			exceptions = (
				EF2B3F492E06F9F20055B8D3 /* Exceptions for "Encore Viewer" folder in "Encore Viewer" target */,
			);
			path = "Encore Viewer";
			sourceTree = "<group>";
		};
		EF2B3F3A2E06F9F10055B8D3 /* Encore ViewerTests */ = {
			isa = PBXFileSystemSynchronizedRootGroup;
			path = "Encore ViewerTests";
			sourceTree = "<group>";
		};
		EF2B3F442E06F9F20055B8D3 /* Encore ViewerUITests */ = {
			isa = PBXFileSystemSynchronizedRootGroup;
			path = "Encore ViewerUITests";
			sourceTree = "<group>";
		};
		EFA43B5E2DEC967E004781D4 /* Encore */ = {
			isa = PBXFileSystemSynchronizedRootGroup;
			exceptions = (
				EF21B6422DF94D4700C9C916 /* Exceptions for "Encore" folder in "Encore" target */,
				EF2B3F542E06FA130055B8D3 /* Exceptions for "Encore" folder in "Encore Viewer" target */,
			);
			path = Encore;
			sourceTree = "<group>";
		};
		EFA43B6D2DEC967F004781D4 /* EncoreTests */ = {
			isa = PBXFileSystemSynchronizedRootGroup;
			path = EncoreTests;
			sourceTree = "<group>";
		};
		EFA43B772DEC967F004781D4 /* EncoreUITests */ = {
			isa = PBXFileSystemSynchronizedRootGroup;
			path = EncoreUITests;
			sourceTree = "<group>";
		};
/* End PBXFileSystemSynchronizedRootGroup section */

/* Begin PBXFrameworksBuildPhase section */
		EF2B3F242E06F9F00055B8D3 /* Frameworks */ = {
			isa = PBXFrameworksBuildPhase;
			buildActionMask = 2147483647;
			files = (
				EF2BC47A2E0B21660055B8D3 /* FirebaseMessaging in Frameworks */,
				EF2B3F7C2E06FE170055B8D3 /* GoogleSignIn in Frameworks */,
				EF2B3F742E06FDB20055B8D3 /* FirebaseFirestore in Frameworks */,
				EF2BC47C2E0B2AFA0055B8D3 /* FirebaseFunctions in Frameworks */,
				EF2B3F802E06FE170055B8D3 /* Kingfisher in Frameworks */,
				EF2B3F822E06FE230055B8D3 /* SDWebImageSwiftUI in Frameworks */,
				EF2B3F7E2E06FE170055B8D3 /* GoogleSignInSwift in Frameworks */,
				EF2B3F782E06FE0C0055B8D3 /* FirebaseCore in Frameworks */,
				EF3A36302E3B1CC800C20E87 /* FirebaseStorage in Frameworks */,
				EF2BC4822E0B353A0055B8D3 /* FirebaseAppCheck in Frameworks */,
				EF2B3F762E06FE0C0055B8D3 /* FirebaseAuth in Frameworks */,
			);
			runOnlyForDeploymentPostprocessing = 0;
		};
		EF2B3F342E06F9F10055B8D3 /* Frameworks */ = {
			isa = PBXFrameworksBuildPhase;
			buildActionMask = 2147483647;
			files = (
			);
			runOnlyForDeploymentPostprocessing = 0;
		};
		EF2B3F3E2E06F9F20055B8D3 /* Frameworks */ = {
			isa = PBXFrameworksBuildPhase;
			buildActionMask = 2147483647;
			files = (
			);
			runOnlyForDeploymentPostprocessing = 0;
		};
		EFA43B592DEC967E004781D4 /* Frameworks */ = {
			isa = PBXFrameworksBuildPhase;
			buildActionMask = 2147483647;
			files = (
				EF56FFD52DFA150A00AA14F3 /* SDWebImageSwiftUI in Frameworks */,
				EF21B63E2DF9479600C9C916 /* GoogleSignIn in Frameworks */,
				EFA43B8B2DEC9A11004781D4 /* FirebaseCore in Frameworks */,
				EF2BC47E2E0B2B0D0055B8D3 /* FirebaseFunctions in Frameworks */,
				EFA43BA82DEEB572004781D4 /* FirebaseStorage in Frameworks */,
				EF11E75C2E01A1EF0091AB32 /* Kingfisher in Frameworks */,
				EF21B6402DF9479600C9C916 /* GoogleSignInSwift in Frameworks */,
				EFA43B892DEC9A11004781D4 /* FirebaseAuth in Frameworks */,
				EF2BC4842E0B35420055B8D3 /* FirebaseAppCheck in Frameworks */,
				EF2BC4862E0C0E620055B8D3 /* FirebaseMessaging in Frameworks */,
				EFA43B8D2DEC9A11004781D4 /* FirebaseFirestore in Frameworks */,
			);
			runOnlyForDeploymentPostprocessing = 0;
		};
		EFA43B672DEC967F004781D4 /* Frameworks */ = {
			isa = PBXFrameworksBuildPhase;
			buildActionMask = 2147483647;
			files = (
			);
			runOnlyForDeploymentPostprocessing = 0;
		};
		EFA43B712DEC967F004781D4 /* Frameworks */ = {
			isa = PBXFrameworksBuildPhase;
			buildActionMask = 2147483647;
			files = (
			);
			runOnlyForDeploymentPostprocessing = 0;
		};
/* End PBXFrameworksBuildPhase section */

/* Begin PBXGroup section */
		EF2B3F722E06FDB20055B8D3 /* Frameworks */ = {
			isa = PBXGroup;
			children = (
			);
			name = Frameworks;
			sourceTree = "<group>";
		};
		EFA43B532DEC967E004781D4 = {
			isa = PBXGroup;
			children = (
				EFA43B5E2DEC967E004781D4 /* Encore */,
				EFA43B6D2DEC967F004781D4 /* EncoreTests */,
				EFA43B772DEC967F004781D4 /* EncoreUITests */,
				EF2B3F282E06F9F00055B8D3 /* Encore Viewer */,
				EF2B3F3A2E06F9F10055B8D3 /* Encore ViewerTests */,
				EF2B3F442E06F9F20055B8D3 /* Encore ViewerUITests */,
				EF2B3F722E06FDB20055B8D3 /* Frameworks */,
				EFA43B5D2DEC967E004781D4 /* Products */,
			);
			sourceTree = "<group>";
		};
		EFA43B5D2DEC967E004781D4 /* Products */ = {
			isa = PBXGroup;
			children = (
				EFA43B5C2DEC967E004781D4 /* Encore.app */,
				EFA43B6A2DEC967F004781D4 /* EncoreTests.xctest */,
				EFA43B742DEC967F004781D4 /* EncoreUITests.xctest */,
				EF2B3F272E06F9F00055B8D3 /* Encore Viewer.app */,
				EF2B3F372E06F9F10055B8D3 /* Encore ViewerTests.xctest */,
				EF2B3F412E06F9F20055B8D3 /* Encore ViewerUITests.xctest */,
			);
			name = Products;
			sourceTree = "<group>";
		};
/* End PBXGroup section */

/* Begin PBXNativeTarget section */
		EF2B3F262E06F9F00055B8D3 /* Encore Viewer */ = {
			isa = PBXNativeTarget;
			buildConfigurationList = EF2B3F4A2E06F9F20055B8D3 /* Build configuration list for PBXNativeTarget "Encore Viewer" */;
			buildPhases = (
				EF2B3F232E06F9F00055B8D3 /* Sources */,
				EF2B3F242E06F9F00055B8D3 /* Frameworks */,
				EF2B3F252E06F9F00055B8D3 /* Resources */,
			);
			buildRules = (
			);
			dependencies = (
			);
			fileSystemSynchronizedGroups = (
				EF2B3F282E06F9F00055B8D3 /* Encore Viewer */,
			);
			name = "Encore Viewer";
			packageProductDependencies = (
				EF2B3F732E06FDB20055B8D3 /* FirebaseFirestore */,
				EF2B3F752E06FE0C0055B8D3 /* FirebaseAuth */,
				EF2B3F772E06FE0C0055B8D3 /* FirebaseCore */,
				EF2B3F7B2E06FE170055B8D3 /* GoogleSignIn */,
				EF2B3F7D2E06FE170055B8D3 /* GoogleSignInSwift */,
				EF2B3F7F2E06FE170055B8D3 /* Kingfisher */,
				EF2B3F812E06FE230055B8D3 /* SDWebImageSwiftUI */,
				EF2BC4792E0B21660055B8D3 /* FirebaseMessaging */,
				EF2BC47B2E0B2AFA0055B8D3 /* FirebaseFunctions */,
				EF2BC4812E0B353A0055B8D3 /* FirebaseAppCheck */,
				EF3A362F2E3B1CC800C20E87 /* FirebaseStorage */,
			);
			productName = "Encore Viewer";
			productReference = EF2B3F272E06F9F00055B8D3 /* Encore Viewer.app */;
			productType = "com.apple.product-type.application";
		};
		EF2B3F362E06F9F10055B8D3 /* Encore ViewerTests */ = {
			isa = PBXNativeTarget;
			buildConfigurationList = EF2B3F4D2E06F9F20055B8D3 /* Build configuration list for PBXNativeTarget "Encore ViewerTests" */;
			buildPhases = (
				EF2B3F332E06F9F10055B8D3 /* Sources */,
				EF2B3F342E06F9F10055B8D3 /* Frameworks */,
				EF2B3F352E06F9F10055B8D3 /* Resources */,
			);
			buildRules = (
			);
			dependencies = (
				EF2B3F392E06F9F10055B8D3 /* PBXTargetDependency */,
			);
			fileSystemSynchronizedGroups = (
				EF2B3F3A2E06F9F10055B8D3 /* Encore ViewerTests */,
			);
			name = "Encore ViewerTests";
			packageProductDependencies = (
			);
			productName = "Encore ViewerTests";
			productReference = EF2B3F372E06F9F10055B8D3 /* Encore ViewerTests.xctest */;
			productType = "com.apple.product-type.bundle.unit-test";
		};
		EF2B3F402E06F9F20055B8D3 /* Encore ViewerUITests */ = {
			isa = PBXNativeTarget;
			buildConfigurationList = EF2B3F502E06F9F20055B8D3 /* Build configuration list for PBXNativeTarget "Encore ViewerUITests" */;
			buildPhases = (
				EF2B3F3D2E06F9F20055B8D3 /* Sources */,
				EF2B3F3E2E06F9F20055B8D3 /* Frameworks */,
				EF2B3F3F2E06F9F20055B8D3 /* Resources */,
			);
			buildRules = (
			);
			dependencies = (
				EF2B3F432E06F9F20055B8D3 /* PBXTargetDependency */,
			);
			fileSystemSynchronizedGroups = (
				EF2B3F442E06F9F20055B8D3 /* Encore ViewerUITests */,
			);
			name = "Encore ViewerUITests";
			packageProductDependencies = (
			);
			productName = "Encore ViewerUITests";
			productReference = EF2B3F412E06F9F20055B8D3 /* Encore ViewerUITests.xctest */;
			productType = "com.apple.product-type.bundle.ui-testing";
		};
		EFA43B5B2DEC967E004781D4 /* Encore */ = {
			isa = PBXNativeTarget;
			buildConfigurationList = EFA43B7E2DEC967F004781D4 /* Build configuration list for PBXNativeTarget "Encore" */;
			buildPhases = (
				EFA43B582DEC967E004781D4 /* Sources */,
				EFA43B592DEC967E004781D4 /* Frameworks */,
				EFA43B5A2DEC967E004781D4 /* Resources */,
			);
			buildRules = (
			);
			dependencies = (
			);
			fileSystemSynchronizedGroups = (
				EFA43B5E2DEC967E004781D4 /* Encore */,
			);
			name = Encore;
			packageProductDependencies = (
				EFA43B882DEC9A11004781D4 /* FirebaseAuth */,
				EFA43B8A2DEC9A11004781D4 /* FirebaseCore */,
				EFA43B8C2DEC9A11004781D4 /* FirebaseFirestore */,
				EFA43BA72DEEB572004781D4 /* FirebaseStorage */,
				EF21B63D2DF9479600C9C916 /* GoogleSignIn */,
				EF21B63F2DF9479600C9C916 /* GoogleSignInSwift */,
				EF56FFD42DFA150A00AA14F3 /* SDWebImageSwiftUI */,
				EF11E75B2E01A1EF0091AB32 /* Kingfisher */,
				EF2BC47D2E0B2B0D0055B8D3 /* FirebaseFunctions */,
				EF2BC4832E0B35420055B8D3 /* FirebaseAppCheck */,
				EF2BC4852E0C0E620055B8D3 /* FirebaseMessaging */,
			);
			productName = Encore;
			productReference = EFA43B5C2DEC967E004781D4 /* Encore.app */;
			productType = "com.apple.product-type.application";
		};
		EFA43B692DEC967F004781D4 /* EncoreTests */ = {
			isa = PBXNativeTarget;
			buildConfigurationList = EFA43B812DEC967F004781D4 /* Build configuration list for PBXNativeTarget "EncoreTests" */;
			buildPhases = (
				EFA43B662DEC967F004781D4 /* Sources */,
				EFA43B672DEC967F004781D4 /* Frameworks */,
				EFA43B682DEC967F004781D4 /* Resources */,
			);
			buildRules = (
			);
			dependencies = (
				EFA43B6C2DEC967F004781D4 /* PBXTargetDependency */,
			);
			fileSystemSynchronizedGroups = (
				EFA43B6D2DEC967F004781D4 /* EncoreTests */,
			);
			name = EncoreTests;
			packageProductDependencies = (
			);
			productName = EncoreTests;
			productReference = EFA43B6A2DEC967F004781D4 /* EncoreTests.xctest */;
			productType = "com.apple.product-type.bundle.unit-test";
		};
		EFA43B732DEC967F004781D4 /* EncoreUITests */ = {
			isa = PBXNativeTarget;
			buildConfigurationList = EFA43B842DEC967F004781D4 /* Build configuration list for PBXNativeTarget "EncoreUITests" */;
			buildPhases = (
				EFA43B702DEC967F004781D4 /* Sources */,
				EFA43B712DEC967F004781D4 /* Frameworks */,
				EFA43B722DEC967F004781D4 /* Resources */,
			);
			buildRules = (
			);
			dependencies = (
				EFA43B762DEC967F004781D4 /* PBXTargetDependency */,
			);
			fileSystemSynchronizedGroups = (
				EFA43B772DEC967F004781D4 /* EncoreUITests */,
			);
			name = EncoreUITests;
			packageProductDependencies = (
			);
			productName = EncoreUITests;
			productReference = EFA43B742DEC967F004781D4 /* EncoreUITests.xctest */;
			productType = "com.apple.product-type.bundle.ui-testing";
		};
/* End PBXNativeTarget section */

/* Begin PBXProject section */
		EFA43B542DEC967E004781D4 /* Project object */ = {
			isa = PBXProject;
			attributes = {
				BuildIndependentTargetsInParallel = 1;
				LastSwiftUpdateCheck = 1640;
				LastUpgradeCheck = 1640;
				TargetAttributes = {
					EF2B3F262E06F9F00055B8D3 = {
						CreatedOnToolsVersion = 16.4;
					};
					EF2B3F362E06F9F10055B8D3 = {
						CreatedOnToolsVersion = 16.4;
						TestTargetID = EF2B3F262E06F9F00055B8D3;
					};
					EF2B3F402E06F9F20055B8D3 = {
						CreatedOnToolsVersion = 16.4;
						TestTargetID = EF2B3F262E06F9F00055B8D3;
					};
					EFA43B5B2DEC967E004781D4 = {
						CreatedOnToolsVersion = 16.4;
					};
					EFA43B692DEC967F004781D4 = {
						CreatedOnToolsVersion = 16.4;
						TestTargetID = EFA43B5B2DEC967E004781D4;
					};
					EFA43B732DEC967F004781D4 = {
						CreatedOnToolsVersion = 16.4;
						TestTargetID = EFA43B5B2DEC967E004781D4;
					};
				};
			};
			buildConfigurationList = EFA43B572DEC967E004781D4 /* Build configuration list for PBXProject "Encore" */;
			developmentRegion = en;
			hasScannedForEncodings = 0;
			knownRegions = (
				en,
				Base,
			);
			mainGroup = EFA43B532DEC967E004781D4;
			minimizedProjectReferenceProxies = 1;
			packageReferences = (
				EFA43B872DEC9A11004781D4 /* XCRemoteSwiftPackageReference "firebase-ios-sdk" */,
				EF21B63C2DF9479600C9C916 /* XCRemoteSwiftPackageReference "GoogleSignIn-iOS" */,
				EF56FFD32DFA150A00AA14F3 /* XCRemoteSwiftPackageReference "SDWebImageSwiftUI" */,
				EF11E75A2E01A1EF0091AB32 /* XCRemoteSwiftPackageReference "Kingfisher" */,
			);
			preferredProjectObjectVersion = 77;
			productRefGroup = EFA43B5D2DEC967E004781D4 /* Products */;
			projectDirPath = "";
			projectRoot = "";
			targets = (
				EFA43B5B2DEC967E004781D4 /* Encore */,
				EFA43B692DEC967F004781D4 /* EncoreTests */,
				EFA43B732DEC967F004781D4 /* EncoreUITests */,
				EF2B3F262E06F9F00055B8D3 /* Encore Viewer */,
				EF2B3F362E06F9F10055B8D3 /* Encore ViewerTests */,
				EF2B3F402E06F9F20055B8D3 /* Encore ViewerUITests */,
			);
		};
/* End PBXProject section */

/* Begin PBXResourcesBuildPhase section */
		EF2B3F252E06F9F00055B8D3 /* Resources */ = {
			isa = PBXResourcesBuildPhase;
			buildActionMask = 2147483647;
			files = (
			);
			runOnlyForDeploymentPostprocessing = 0;
		};
		EF2B3F352E06F9F10055B8D3 /* Resources */ = {
			isa = PBXResourcesBuildPhase;
			buildActionMask = 2147483647;
			files = (
			);
			runOnlyForDeploymentPostprocessing = 0;
		};
		EF2B3F3F2E06F9F20055B8D3 /* Resources */ = {
			isa = PBXResourcesBuildPhase;
			buildActionMask = 2147483647;
			files = (
			);
			runOnlyForDeploymentPostprocessing = 0;
		};
		EFA43B5A2DEC967E004781D4 /* Resources */ = {
			isa = PBXResourcesBuildPhase;
			buildActionMask = 2147483647;
			files = (
			);
			runOnlyForDeploymentPostprocessing = 0;
		};
		EFA43B682DEC967F004781D4 /* Resources */ = {
			isa = PBXResourcesBuildPhase;
			buildActionMask = 2147483647;
			files = (
			);
			runOnlyForDeploymentPostprocessing = 0;
		};
		EFA43B722DEC967F004781D4 /* Resources */ = {
			isa = PBXResourcesBuildPhase;
			buildActionMask = 2147483647;
			files = (
			);
			runOnlyForDeploymentPostprocessing = 0;
		};
/* End PBXResourcesBuildPhase section */

/* Begin PBXSourcesBuildPhase section */
		EF2B3F232E06F9F00055B8D3 /* Sources */ = {
			isa = PBXSourcesBuildPhase;
			buildActionMask = 2147483647;
			files = (
			);
			runOnlyForDeploymentPostprocessing = 0;
		};
		EF2B3F332E06F9F10055B8D3 /* Sources */ = {
			isa = PBXSourcesBuildPhase;
			buildActionMask = 2147483647;
			files = (
			);
			runOnlyForDeploymentPostprocessing = 0;
		};
		EF2B3F3D2E06F9F20055B8D3 /* Sources */ = {
			isa = PBXSourcesBuildPhase;
			buildActionMask = 2147483647;
			files = (
			);
			runOnlyForDeploymentPostprocessing = 0;
		};
		EFA43B582DEC967E004781D4 /* Sources */ = {
			isa = PBXSourcesBuildPhase;
			buildActionMask = 2147483647;
			files = (
			);
			runOnlyForDeploymentPostprocessing = 0;
		};
		EFA43B662DEC967F004781D4 /* Sources */ = {
			isa = PBXSourcesBuildPhase;
			buildActionMask = 2147483647;
			files = (
			);
			runOnlyForDeploymentPostprocessing = 0;
		};
		EFA43B702DEC967F004781D4 /* Sources */ = {
			isa = PBXSourcesBuildPhase;
			buildActionMask = 2147483647;
			files = (
			);
			runOnlyForDeploymentPostprocessing = 0;
		};
/* End PBXSourcesBuildPhase section */

/* Begin PBXTargetDependency section */
		EF2B3F392E06F9F10055B8D3 /* PBXTargetDependency */ = {
			isa = PBXTargetDependency;
			target = EF2B3F262E06F9F00055B8D3 /* Encore Viewer */;
			targetProxy = EF2B3F382E06F9F10055B8D3 /* PBXContainerItemProxy */;
		};
		EF2B3F432E06F9F20055B8D3 /* PBXTargetDependency */ = {
			isa = PBXTargetDependency;
			target = EF2B3F262E06F9F00055B8D3 /* Encore Viewer */;
			targetProxy = EF2B3F422E06F9F20055B8D3 /* PBXContainerItemProxy */;
		};
		EFA43B6C2DEC967F004781D4 /* PBXTargetDependency */ = {
			isa = PBXTargetDependency;
			target = EFA43B5B2DEC967E004781D4 /* Encore */;
			targetProxy = EFA43B6B2DEC967F004781D4 /* PBXContainerItemProxy */;
		};
		EFA43B762DEC967F004781D4 /* PBXTargetDependency */ = {
			isa = PBXTargetDependency;
			target = EFA43B5B2DEC967E004781D4 /* Encore */;
			targetProxy = EFA43B752DEC967F004781D4 /* PBXContainerItemProxy */;
		};
/* End PBXTargetDependency section */

/* Begin XCBuildConfiguration section */
		EF2B3F4B2E06F9F20055B8D3 /* Debug */ = {
			isa = XCBuildConfiguration;
			buildSettings = {
				APS_ENVIRONMENT = development;
				ASSETCATALOG_COMPILER_APPICON_NAME = AppIcon;
				ASSETCATALOG_COMPILER_GLOBAL_ACCENT_COLOR_NAME = AccentColor;
				ASSETCATALOG_COMPILER_INCLUDE_ALL_APPICON_ASSETS = YES;
				CODE_SIGN_ENTITLEMENTS = "Encore Viewer/Encore Viewer.entitlements";
				CODE_SIGN_STYLE = Automatic;
				CURRENT_PROJECT_VERSION = 1;
				DEVELOPMENT_TEAM = C6D3VXTZCC;
				ENABLE_PREVIEWS = YES;
				GENERATE_INFOPLIST_FILE = YES;
				INFOPLIST_FILE = "Encore Viewer/Info.plist";
				INFOPLIST_KEY_CFBundleDisplayName = "Encore Viewer";
				INFOPLIST_KEY_UIApplicationSceneManifest_Generation = YES;
				INFOPLIST_KEY_UIApplicationSupportsIndirectInputEvents = YES;
				INFOPLIST_KEY_UILaunchScreen_Generation = YES;
				INFOPLIST_KEY_UILaunchStoryboardName = "";
				INFOPLIST_KEY_UISupportedInterfaceOrientations_iPad = "UIInterfaceOrientationPortrait UIInterfaceOrientationPortraitUpsideDown UIInterfaceOrientationLandscapeLeft UIInterfaceOrientationLandscapeRight";
				INFOPLIST_KEY_UISupportedInterfaceOrientations_iPhone = "UIInterfaceOrientationPortrait UIInterfaceOrientationLandscapeLeft UIInterfaceOrientationLandscapeRight";
				IPHONEOS_DEPLOYMENT_TARGET = 17.1;
				LD_RUNPATH_SEARCH_PATHS = (
					"$(inherited)",
					"@executable_path/Frameworks",
				);
				MARKETING_VERSION = 2.1.5;
				PRODUCT_BUNDLE_IDENTIFIER = com.sixcreative.encoreviewer;
				PRODUCT_NAME = "$(TARGET_NAME)";
				SDKROOT = iphoneos;
				SWIFT_EMIT_LOC_STRINGS = YES;
				SWIFT_VERSION = 5.0;
				TARGETED_DEVICE_FAMILY = "1,2";
			};
			name = Debug;
		};
		EF2B3F4C2E06F9F20055B8D3 /* Release */ = {
			isa = XCBuildConfiguration;
			buildSettings = {
				APS_ENVIRONMENT = production;
				ASSETCATALOG_COMPILER_APPICON_NAME = AppIcon;
				ASSETCATALOG_COMPILER_GLOBAL_ACCENT_COLOR_NAME = AccentColor;
				ASSETCATALOG_COMPILER_INCLUDE_ALL_APPICON_ASSETS = YES;
				CODE_SIGN_ENTITLEMENTS = "Encore Viewer/Encore Viewer.entitlements";
				CODE_SIGN_STYLE = Automatic;
				CURRENT_PROJECT_VERSION = 1;
				DEVELOPMENT_TEAM = C6D3VXTZCC;
				ENABLE_PREVIEWS = YES;
				GENERATE_INFOPLIST_FILE = YES;
				INFOPLIST_FILE = "Encore Viewer/Info.plist";
				INFOPLIST_KEY_CFBundleDisplayName = "Encore Viewer";
				INFOPLIST_KEY_UIApplicationSceneManifest_Generation = YES;
				INFOPLIST_KEY_UIApplicationSupportsIndirectInputEvents = YES;
				INFOPLIST_KEY_UILaunchScreen_Generation = YES;
				INFOPLIST_KEY_UILaunchStoryboardName = "";
				INFOPLIST_KEY_UISupportedInterfaceOrientations_iPad = "UIInterfaceOrientationPortrait UIInterfaceOrientationPortraitUpsideDown UIInterfaceOrientationLandscapeLeft UIInterfaceOrientationLandscapeRight";
				INFOPLIST_KEY_UISupportedInterfaceOrientations_iPhone = "UIInterfaceOrientationPortrait UIInterfaceOrientationLandscapeLeft UIInterfaceOrientationLandscapeRight";
				IPHONEOS_DEPLOYMENT_TARGET = 17.1;
				LD_RUNPATH_SEARCH_PATHS = (
					"$(inherited)",
					"@executable_path/Frameworks",
				);
				MARKETING_VERSION = 2.1.5;
				PRODUCT_BUNDLE_IDENTIFIER = com.sixcreative.encoreviewer;
				PRODUCT_NAME = "$(TARGET_NAME)";
				SDKROOT = iphoneos;
				SWIFT_EMIT_LOC_STRINGS = YES;
				SWIFT_VERSION = 5.0;
				TARGETED_DEVICE_FAMILY = "1,2";
				VALIDATE_PRODUCT = YES;
			};
			name = Release;
		};
		EF2B3F4E2E06F9F20055B8D3 /* Debug */ = {
			isa = XCBuildConfiguration;
			buildSettings = {
				BUNDLE_LOADER = "$(TEST_HOST)";
				CODE_SIGN_STYLE = Automatic;
				CURRENT_PROJECT_VERSION = 1;
				DEVELOPMENT_TEAM = C6D3VXTZCC;
				GENERATE_INFOPLIST_FILE = YES;
				IPHONEOS_DEPLOYMENT_TARGET = 18.5;
				MARKETING_VERSION = 1.0;
				PRODUCT_BUNDLE_IDENTIFIER = "SixCreative.Encore-ViewerTests";
				PRODUCT_NAME = "$(TARGET_NAME)";
				SDKROOT = iphoneos;
				SWIFT_EMIT_LOC_STRINGS = NO;
				SWIFT_VERSION = 5.0;
				TARGETED_DEVICE_FAMILY = "1,2";
				TEST_HOST = "$(BUILT_PRODUCTS_DIR)/Encore Viewer.app/$(BUNDLE_EXECUTABLE_FOLDER_PATH)/Encore Viewer";
			};
			name = Debug;
		};
		EF2B3F4F2E06F9F20055B8D3 /* Release */ = {
			isa = XCBuildConfiguration;
			buildSettings = {
				BUNDLE_LOADER = "$(TEST_HOST)";
				CODE_SIGN_STYLE = Automatic;
				CURRENT_PROJECT_VERSION = 1;
				DEVELOPMENT_TEAM = C6D3VXTZCC;
				GENERATE_INFOPLIST_FILE = YES;
				IPHONEOS_DEPLOYMENT_TARGET = 18.5;
				MARKETING_VERSION = 1.0;
				PRODUCT_BUNDLE_IDENTIFIER = "SixCreative.Encore-ViewerTests";
				PRODUCT_NAME = "$(TARGET_NAME)";
				SDKROOT = iphoneos;
				SWIFT_EMIT_LOC_STRINGS = NO;
				SWIFT_VERSION = 5.0;
				TARGETED_DEVICE_FAMILY = "1,2";
				TEST_HOST = "$(BUILT_PRODUCTS_DIR)/Encore Viewer.app/$(BUNDLE_EXECUTABLE_FOLDER_PATH)/Encore Viewer";
				VALIDATE_PRODUCT = YES;
			};
			name = Release;
		};
		EF2B3F512E06F9F20055B8D3 /* Debug */ = {
			isa = XCBuildConfiguration;
			buildSettings = {
				CODE_SIGN_STYLE = Automatic;
				CURRENT_PROJECT_VERSION = 1;
				DEVELOPMENT_TEAM = C6D3VXTZCC;
				GENERATE_INFOPLIST_FILE = YES;
				IPHONEOS_DEPLOYMENT_TARGET = 18.5;
				MARKETING_VERSION = 1.0;
				PRODUCT_BUNDLE_IDENTIFIER = "SixCreative.Encore-ViewerUITests";
				PRODUCT_NAME = "$(TARGET_NAME)";
				SDKROOT = iphoneos;
				SWIFT_EMIT_LOC_STRINGS = NO;
				SWIFT_VERSION = 5.0;
				TARGETED_DEVICE_FAMILY = "1,2";
				TEST_TARGET_NAME = "Encore Viewer";
			};
			name = Debug;
		};
		EF2B3F522E06F9F20055B8D3 /* Release */ = {
			isa = XCBuildConfiguration;
			buildSettings = {
				CODE_SIGN_STYLE = Automatic;
				CURRENT_PROJECT_VERSION = 1;
				DEVELOPMENT_TEAM = C6D3VXTZCC;
				GENERATE_INFOPLIST_FILE = YES;
				IPHONEOS_DEPLOYMENT_TARGET = 18.5;
				MARKETING_VERSION = 1.0;
				PRODUCT_BUNDLE_IDENTIFIER = "SixCreative.Encore-ViewerUITests";
				PRODUCT_NAME = "$(TARGET_NAME)";
				SDKROOT = iphoneos;
				SWIFT_EMIT_LOC_STRINGS = NO;
				SWIFT_VERSION = 5.0;
				TARGETED_DEVICE_FAMILY = "1,2";
				TEST_TARGET_NAME = "Encore Viewer";
				VALIDATE_PRODUCT = YES;
			};
			name = Release;
		};
		EFA43B7C2DEC967F004781D4 /* Debug */ = {
			isa = XCBuildConfiguration;
			buildSettings = {
				ALWAYS_SEARCH_USER_PATHS = NO;
				ASSETCATALOG_COMPILER_GENERATE_SWIFT_ASSET_SYMBOL_EXTENSIONS = YES;
				CLANG_ANALYZER_NONNULL = YES;
				CLANG_ANALYZER_NUMBER_OBJECT_CONVERSION = YES_AGGRESSIVE;
				CLANG_CXX_LANGUAGE_STANDARD = "gnu++20";
				CLANG_ENABLE_MODULES = YES;
				CLANG_ENABLE_OBJC_ARC = YES;
				CLANG_ENABLE_OBJC_WEAK = YES;
				CLANG_WARN_BLOCK_CAPTURE_AUTORELEASING = YES;
				CLANG_WARN_BOOL_CONVERSION = YES;
				CLANG_WARN_COMMA = YES;
				CLANG_WARN_CONSTANT_CONVERSION = YES;
				CLANG_WARN_DEPRECATED_OBJC_IMPLEMENTATIONS = YES;
				CLANG_WARN_DIRECT_OBJC_ISA_USAGE = YES_ERROR;
				CLANG_WARN_DOCUMENTATION_COMMENTS = YES;
				CLANG_WARN_EMPTY_BODY = YES;
				CLANG_WARN_ENUM_CONVERSION = YES;
				CLANG_WARN_INFINITE_RECURSION = YES;
				CLANG_WARN_INT_CONVERSION = YES;
				CLANG_WARN_NON_LITERAL_NULL_CONVERSION = YES;
				CLANG_WARN_OBJC_IMPLICIT_RETAIN_SELF = YES;
				CLANG_WARN_OBJC_LITERAL_CONVERSION = YES;
				CLANG_WARN_OBJC_ROOT_CLASS = YES_ERROR;
				CLANG_WARN_QUOTED_INCLUDE_IN_FRAMEWORK_HEADER = YES;
				CLANG_WARN_RANGE_LOOP_ANALYSIS = YES;
				CLANG_WARN_STRICT_PROTOTYPES = YES;
				CLANG_WARN_SUSPICIOUS_MOVE = YES;
				CLANG_WARN_UNGUARDED_AVAILABILITY = YES_AGGRESSIVE;
				CLANG_WARN_UNREACHABLE_CODE = YES;
				CLANG_WARN__DUPLICATE_METHOD_MATCH = YES;
				COPY_PHASE_STRIP = NO;
				DEBUG_INFORMATION_FORMAT = dwarf;
				ENABLE_STRICT_OBJC_MSGSEND = YES;
				ENABLE_TESTABILITY = YES;
				ENABLE_USER_SCRIPT_SANDBOXING = YES;
				GCC_C_LANGUAGE_STANDARD = gnu17;
				GCC_DYNAMIC_NO_PIC = NO;
				GCC_NO_COMMON_BLOCKS = YES;
				GCC_OPTIMIZATION_LEVEL = 0;
				GCC_PREPROCESSOR_DEFINITIONS = (
					"DEBUG=1",
					"$(inherited)",
				);
				GCC_WARN_64_TO_32_BIT_CONVERSION = YES;
				GCC_WARN_ABOUT_RETURN_TYPE = YES_ERROR;
				GCC_WARN_UNDECLARED_SELECTOR = YES;
				GCC_WARN_UNINITIALIZED_AUTOS = YES_AGGRESSIVE;
				GCC_WARN_UNUSED_FUNCTION = YES;
				GCC_WARN_UNUSED_VARIABLE = YES;
				LOCALIZATION_PREFERS_STRING_CATALOGS = YES;
				MACOSX_DEPLOYMENT_TARGET = 13.4;
				MTL_ENABLE_DEBUG_INFO = INCLUDE_SOURCE;
				MTL_FAST_MATH = YES;
				ONLY_ACTIVE_ARCH = YES;
				SDKROOT = macosx;
				SWIFT_ACTIVE_COMPILATION_CONDITIONS = "DEBUG $(inherited)";
				SWIFT_OPTIMIZATION_LEVEL = "-Onone";
			};
			name = Debug;
		};
		EFA43B7D2DEC967F004781D4 /* Release */ = {
			isa = XCBuildConfiguration;
			buildSettings = {
				ALWAYS_SEARCH_USER_PATHS = NO;
				ASSETCATALOG_COMPILER_GENERATE_SWIFT_ASSET_SYMBOL_EXTENSIONS = YES;
				CLANG_ANALYZER_NONNULL = YES;
				CLANG_ANALYZER_NUMBER_OBJECT_CONVERSION = YES_AGGRESSIVE;
				CLANG_CXX_LANGUAGE_STANDARD = "gnu++20";
				CLANG_ENABLE_MODULES = YES;
				CLANG_ENABLE_OBJC_ARC = YES;
				CLANG_ENABLE_OBJC_WEAK = YES;
				CLANG_WARN_BLOCK_CAPTURE_AUTORELEASING = YES;
				CLANG_WARN_BOOL_CONVERSION = YES;
				CLANG_WARN_COMMA = YES;
				CLANG_WARN_CONSTANT_CONVERSION = YES;
				CLANG_WARN_DEPRECATED_OBJC_IMPLEMENTATIONS = YES;
				CLANG_WARN_DIRECT_OBJC_ISA_USAGE = YES_ERROR;
				CLANG_WARN_DOCUMENTATION_COMMENTS = YES;
				CLANG_WARN_EMPTY_BODY = YES;
				CLANG_WARN_ENUM_CONVERSION = YES;
				CLANG_WARN_INFINITE_RECURSION = YES;
				CLANG_WARN_INT_CONVERSION = YES;
				CLANG_WARN_NON_LITERAL_NULL_CONVERSION = YES;
				CLANG_WARN_OBJC_IMPLICIT_RETAIN_SELF = YES;
				CLANG_WARN_OBJC_LITERAL_CONVERSION = YES;
				CLANG_WARN_OBJC_ROOT_CLASS = YES_ERROR;
				CLANG_WARN_QUOTED_INCLUDE_IN_FRAMEWORK_HEADER = YES;
				CLANG_WARN_RANGE_LOOP_ANALYSIS = YES;
				CLANG_WARN_STRICT_PROTOTYPES = YES;
				CLANG_WARN_SUSPICIOUS_MOVE = YES;
				CLANG_WARN_UNGUARDED_AVAILABILITY = YES_AGGRESSIVE;
				CLANG_WARN_UNREACHABLE_CODE = YES;
				CLANG_WARN__DUPLICATE_METHOD_MATCH = YES;
				COPY_PHASE_STRIP = NO;
				DEBUG_INFORMATION_FORMAT = "dwarf-with-dsym";
				ENABLE_NS_ASSERTIONS = NO;
				ENABLE_STRICT_OBJC_MSGSEND = YES;
				ENABLE_USER_SCRIPT_SANDBOXING = YES;
				GCC_C_LANGUAGE_STANDARD = gnu17;
				GCC_NO_COMMON_BLOCKS = YES;
				GCC_WARN_64_TO_32_BIT_CONVERSION = YES;
				GCC_WARN_ABOUT_RETURN_TYPE = YES_ERROR;
				GCC_WARN_UNDECLARED_SELECTOR = YES;
				GCC_WARN_UNINITIALIZED_AUTOS = YES_AGGRESSIVE;
				GCC_WARN_UNUSED_FUNCTION = YES;
				GCC_WARN_UNUSED_VARIABLE = YES;
				LOCALIZATION_PREFERS_STRING_CATALOGS = YES;
				MACOSX_DEPLOYMENT_TARGET = 13.4;
				MTL_ENABLE_DEBUG_INFO = NO;
				MTL_FAST_MATH = YES;
				SDKROOT = macosx;
				SWIFT_COMPILATION_MODE = wholemodule;
			};
			name = Release;
		};
		EFA43B7F2DEC967F004781D4 /* Debug */ = {
			isa = XCBuildConfiguration;
			buildSettings = {
				APS_ENVIRONMENT = development;
				ASSETCATALOG_COMPILER_APPICON_NAME = AppIcon;
				ASSETCATALOG_COMPILER_GLOBAL_ACCENT_COLOR_NAME = AccentColor;
				CODE_SIGN_ENTITLEMENTS = Encore/Encore.entitlements;
				"CODE_SIGN_IDENTITY[sdk=macosx*]" = "Apple Development";
				CODE_SIGN_STYLE = Automatic;
				COMBINE_HIDPI_IMAGES = YES;
				CURRENT_PROJECT_VERSION = 1;
				DEVELOPMENT_TEAM = C6D3VXTZCC;
				ENABLE_HARDENED_RUNTIME = YES;
				ENABLE_PREVIEWS = YES;
				GENERATE_INFOPLIST_FILE = YES;
				INFOPLIST_FILE = Encore/Info.plist;
				INFOPLIST_KEY_CFBundleDisplayName = Encore;
				INFOPLIST_KEY_LSApplicationCategoryType = "public.app-category.travel";
				INFOPLIST_KEY_NSHumanReadableCopyright = "";
				LD_RUNPATH_SEARCH_PATHS = (
					"$(inherited)",
					"@executable_path/../Frameworks",
				);
				LIBRARY_SEARCH_PATHS = (
					"$(inherited)",
					"$(PROJECT_DIR)/Encore/encore-ticketing-web/node_modules/lightningcss-darwin-arm64",
					"$(PROJECT_DIR)/Encore/encore-ticketing-web/node_modules/@img/sharp-libvips-darwin-arm64/lib",
					"$(PROJECT_DIR)/Encore/encore-ticketing-web/node_modules/@next/swc-darwin-arm64",
					"$(PROJECT_DIR)/Encore/encore-ticketing-web/node_modules/@tailwindcss/oxide-darwin-arm64",
					"$(PROJECT_DIR)/Encore/encore-ticketing-web/node_modules/@unrs/resolver-binding-darwin-arm64",
				);
				MACOSX_DEPLOYMENT_TARGET = 14.0;
				MARKETING_VERSION = 2.1.5;
				PRODUCT_BUNDLE_IDENTIFIER = SixCreative.Encore;
				PRODUCT_NAME = "$(TARGET_NAME)";
				REGISTER_APP_GROUPS = YES;
				SWIFT_EMIT_LOC_STRINGS = YES;
				SWIFT_VERSION = 5.0;
			};
			name = Debug;
		};
		EFA43B802DEC967F004781D4 /* Release */ = {
			isa = XCBuildConfiguration;
			buildSettings = {
				APS_ENVIRONMENT = production;
				ASSETCATALOG_COMPILER_APPICON_NAME = AppIcon;
				ASSETCATALOG_COMPILER_GLOBAL_ACCENT_COLOR_NAME = AccentColor;
				CODE_SIGN_ENTITLEMENTS = Encore/Encore.entitlements;
				"CODE_SIGN_IDENTITY[sdk=macosx*]" = "Apple Development";
				CODE_SIGN_STYLE = Automatic;
				COMBINE_HIDPI_IMAGES = YES;
				CURRENT_PROJECT_VERSION = 1;
				DEVELOPMENT_TEAM = C6D3VXTZCC;
				ENABLE_HARDENED_RUNTIME = YES;
				ENABLE_PREVIEWS = YES;
				GENERATE_INFOPLIST_FILE = YES;
				INFOPLIST_FILE = Encore/Info.plist;
				INFOPLIST_KEY_CFBundleDisplayName = Encore;
				INFOPLIST_KEY_LSApplicationCategoryType = "public.app-category.travel";
				INFOPLIST_KEY_NSHumanReadableCopyright = "";
				LD_RUNPATH_SEARCH_PATHS = (
					"$(inherited)",
					"@executable_path/../Frameworks",
				);
				LIBRARY_SEARCH_PATHS = (
					"$(inherited)",
					"$(PROJECT_DIR)/Encore/encore-ticketing-web/node_modules/lightningcss-darwin-arm64",
					"$(PROJECT_DIR)/Encore/encore-ticketing-web/node_modules/@img/sharp-libvips-darwin-arm64/lib",
					"$(PROJECT_DIR)/Encore/encore-ticketing-web/node_modules/@next/swc-darwin-arm64",
					"$(PROJECT_DIR)/Encore/encore-ticketing-web/node_modules/@tailwindcss/oxide-darwin-arm64",
					"$(PROJECT_DIR)/Encore/encore-ticketing-web/node_modules/@unrs/resolver-binding-darwin-arm64",
				);
				MACOSX_DEPLOYMENT_TARGET = 14.0;
				MARKETING_VERSION = 2.1.5;
				PRODUCT_BUNDLE_IDENTIFIER = SixCreative.Encore;
				PRODUCT_NAME = "$(TARGET_NAME)";
				REGISTER_APP_GROUPS = YES;
				SWIFT_EMIT_LOC_STRINGS = YES;
				SWIFT_VERSION = 5.0;
			};
			name = Release;
		};
		EFA43B822DEC967F004781D4 /* Debug */ = {
			isa = XCBuildConfiguration;
			buildSettings = {
				BUNDLE_LOADER = "$(TEST_HOST)";
				CODE_SIGN_STYLE = Automatic;
				CURRENT_PROJECT_VERSION = 1;
				GENERATE_INFOPLIST_FILE = YES;
				MACOSX_DEPLOYMENT_TARGET = 15.3;
				MARKETING_VERSION = 1.0;
				PRODUCT_BUNDLE_IDENTIFIER = SixCreative.EncoreTests;
				PRODUCT_NAME = "$(TARGET_NAME)";
				SWIFT_EMIT_LOC_STRINGS = NO;
				SWIFT_VERSION = 5.0;
				TEST_HOST = "$(BUILT_PRODUCTS_DIR)/Encore.app/$(BUNDLE_EXECUTABLE_FOLDER_PATH)/Encore";
			};
			name = Debug;
		};
		EFA43B832DEC967F004781D4 /* Release */ = {
			isa = XCBuildConfiguration;
			buildSettings = {
				BUNDLE_LOADER = "$(TEST_HOST)";
				CODE_SIGN_STYLE = Automatic;
				CURRENT_PROJECT_VERSION = 1;
				GENERATE_INFOPLIST_FILE = YES;
				MACOSX_DEPLOYMENT_TARGET = 15.3;
				MARKETING_VERSION = 1.0;
				PRODUCT_BUNDLE_IDENTIFIER = SixCreative.EncoreTests;
				PRODUCT_NAME = "$(TARGET_NAME)";
				SWIFT_EMIT_LOC_STRINGS = NO;
				SWIFT_VERSION = 5.0;
				TEST_HOST = "$(BUILT_PRODUCTS_DIR)/Encore.app/$(BUNDLE_EXECUTABLE_FOLDER_PATH)/Encore";
			};
			name = Release;
		};
		EFA43B852DEC967F004781D4 /* Debug */ = {
			isa = XCBuildConfiguration;
			buildSettings = {
				CODE_SIGN_STYLE = Automatic;
				CURRENT_PROJECT_VERSION = 1;
				GENERATE_INFOPLIST_FILE = YES;
				MARKETING_VERSION = 1.0;
				PRODUCT_BUNDLE_IDENTIFIER = SixCreative.EncoreUITests;
				PRODUCT_NAME = "$(TARGET_NAME)";
				SWIFT_EMIT_LOC_STRINGS = NO;
				SWIFT_VERSION = 5.0;
				TEST_TARGET_NAME = Encore;
			};
			name = Debug;
		};
		EFA43B862DEC967F004781D4 /* Release */ = {
			isa = XCBuildConfiguration;
			buildSettings = {
				CODE_SIGN_STYLE = Automatic;
				CURRENT_PROJECT_VERSION = 1;
				GENERATE_INFOPLIST_FILE = YES;
				MARKETING_VERSION = 1.0;
				PRODUCT_BUNDLE_IDENTIFIER = SixCreative.EncoreUITests;
				PRODUCT_NAME = "$(TARGET_NAME)";
				SWIFT_EMIT_LOC_STRINGS = NO;
				SWIFT_VERSION = 5.0;
				TEST_TARGET_NAME = Encore;
			};
			name = Release;
		};
/* End XCBuildConfiguration section */

/* Begin XCConfigurationList section */
		EF2B3F4A2E06F9F20055B8D3 /* Build configuration list for PBXNativeTarget "Encore Viewer" */ = {
			isa = XCConfigurationList;
			buildConfigurations = (
				EF2B3F4B2E06F9F20055B8D3 /* Debug */,
				EF2B3F4C2E06F9F20055B8D3 /* Release */,
			);
			defaultConfigurationIsVisible = 0;
			defaultConfigurationName = Release;
		};
		EF2B3F4D2E06F9F20055B8D3 /* Build configuration list for PBXNativeTarget "Encore ViewerTests" */ = {
			isa = XCConfigurationList;
			buildConfigurations = (
				EF2B3F4E2E06F9F20055B8D3 /* Debug */,
				EF2B3F4F2E06F9F20055B8D3 /* Release */,
			);
			defaultConfigurationIsVisible = 0;
			defaultConfigurationName = Release;
		};
		EF2B3F502E06F9F20055B8D3 /* Build configuration list for PBXNativeTarget "Encore ViewerUITests" */ = {
			isa = XCConfigurationList;
			buildConfigurations = (
				EF2B3F512E06F9F20055B8D3 /* Debug */,
				EF2B3F522E06F9F20055B8D3 /* Release */,
			);
			defaultConfigurationIsVisible = 0;
			defaultConfigurationName = Release;
		};
		EFA43B572DEC967E004781D4 /* Build configuration list for PBXProject "Encore" */ = {
			isa = XCConfigurationList;
			buildConfigurations = (
				EFA43B7C2DEC967F004781D4 /* Debug */,
				EFA43B7D2DEC967F004781D4 /* Release */,
			);
			defaultConfigurationIsVisible = 0;
			defaultConfigurationName = Release;
		};
		EFA43B7E2DEC967F004781D4 /* Build configuration list for PBXNativeTarget "Encore" */ = {
			isa = XCConfigurationList;
			buildConfigurations = (
				EFA43B7F2DEC967F004781D4 /* Debug */,
				EFA43B802DEC967F004781D4 /* Release */,
			);
			defaultConfigurationIsVisible = 0;
			defaultConfigurationName = Release;
		};
		EFA43B812DEC967F004781D4 /* Build configuration list for PBXNativeTarget "EncoreTests" */ = {
			isa = XCConfigurationList;
			buildConfigurations = (
				EFA43B822DEC967F004781D4 /* Debug */,
				EFA43B832DEC967F004781D4 /* Release */,
			);
			defaultConfigurationIsVisible = 0;
			defaultConfigurationName = Release;
		};
		EFA43B842DEC967F004781D4 /* Build configuration list for PBXNativeTarget "EncoreUITests" */ = {
			isa = XCConfigurationList;
			buildConfigurations = (
				EFA43B852DEC967F004781D4 /* Debug */,
				EFA43B862DEC967F004781D4 /* Release */,
			);
			defaultConfigurationIsVisible = 0;
			defaultConfigurationName = Release;
		};
/* End XCConfigurationList section */

/* Begin XCRemoteSwiftPackageReference section */
		EF11E75A2E01A1EF0091AB32 /* XCRemoteSwiftPackageReference "Kingfisher" */ = {
			isa = XCRemoteSwiftPackageReference;
			repositoryURL = "https://github.com/onevcat/Kingfisher.git";
			requirement = {
				kind = upToNextMajorVersion;
				minimumVersion = 8.3.2;
			};
		};
		EF21B63C2DF9479600C9C916 /* XCRemoteSwiftPackageReference "GoogleSignIn-iOS" */ = {
			isa = XCRemoteSwiftPackageReference;
			repositoryURL = "https://github.com/google/GoogleSignIn-iOS";
			requirement = {
				kind = upToNextMajorVersion;
				minimumVersion = 8.0.0;
			};
		};
		EF56FFD32DFA150A00AA14F3 /* XCRemoteSwiftPackageReference "SDWebImageSwiftUI" */ = {
			isa = XCRemoteSwiftPackageReference;
			repositoryURL = "https://github.com/SDWebImage/SDWebImageSwiftUI";
			requirement = {
				kind = upToNextMajorVersion;
				minimumVersion = 3.1.3;
			};
		};
		EFA43B872DEC9A11004781D4 /* XCRemoteSwiftPackageReference "firebase-ios-sdk" */ = {
			isa = XCRemoteSwiftPackageReference;
			repositoryURL = "https://github.com/firebase/firebase-ios-sdk";
			requirement = {
				kind = upToNextMajorVersion;
				minimumVersion = 11.13.0;
			};
		};
/* End XCRemoteSwiftPackageReference section */

/* Begin XCSwiftPackageProductDependency section */
		EF11E75B2E01A1EF0091AB32 /* Kingfisher */ = {
			isa = XCSwiftPackageProductDependency;
			package = EF11E75A2E01A1EF0091AB32 /* XCRemoteSwiftPackageReference "Kingfisher" */;
			productName = Kingfisher;
		};
		EF21B63D2DF9479600C9C916 /* GoogleSignIn */ = {
			isa = XCSwiftPackageProductDependency;
			package = EF21B63C2DF9479600C9C916 /* XCRemoteSwiftPackageReference "GoogleSignIn-iOS" */;
			productName = GoogleSignIn;
		};
		EF21B63F2DF9479600C9C916 /* GoogleSignInSwift */ = {
			isa = XCSwiftPackageProductDependency;
			package = EF21B63C2DF9479600C9C916 /* XCRemoteSwiftPackageReference "GoogleSignIn-iOS" */;
			productName = GoogleSignInSwift;
		};
		EF2B3F732E06FDB20055B8D3 /* FirebaseFirestore */ = {
			isa = XCSwiftPackageProductDependency;
			package = EFA43B872DEC9A11004781D4 /* XCRemoteSwiftPackageReference "firebase-ios-sdk" */;
			productName = FirebaseFirestore;
		};
		EF2B3F752E06FE0C0055B8D3 /* FirebaseAuth */ = {
			isa = XCSwiftPackageProductDependency;
			package = EFA43B872DEC9A11004781D4 /* XCRemoteSwiftPackageReference "firebase-ios-sdk" */;
			productName = FirebaseAuth;
		};
		EF2B3F772E06FE0C0055B8D3 /* FirebaseCore */ = {
			isa = XCSwiftPackageProductDependency;
			package = EFA43B872DEC9A11004781D4 /* XCRemoteSwiftPackageReference "firebase-ios-sdk" */;
			productName = FirebaseCore;
		};
		EF2B3F7B2E06FE170055B8D3 /* GoogleSignIn */ = {
			isa = XCSwiftPackageProductDependency;
			package = EF21B63C2DF9479600C9C916 /* XCRemoteSwiftPackageReference "GoogleSignIn-iOS" */;
			productName = GoogleSignIn;
		};
		EF2B3F7D2E06FE170055B8D3 /* GoogleSignInSwift */ = {
			isa = XCSwiftPackageProductDependency;
			package = EF21B63C2DF9479600C9C916 /* XCRemoteSwiftPackageReference "GoogleSignIn-iOS" */;
			productName = GoogleSignInSwift;
		};
		EF2B3F7F2E06FE170055B8D3 /* Kingfisher */ = {
			isa = XCSwiftPackageProductDependency;
			package = EF11E75A2E01A1EF0091AB32 /* XCRemoteSwiftPackageReference "Kingfisher" */;
			productName = Kingfisher;
		};
		EF2B3F812E06FE230055B8D3 /* SDWebImageSwiftUI */ = {
			isa = XCSwiftPackageProductDependency;
			package = EF56FFD32DFA150A00AA14F3 /* XCRemoteSwiftPackageReference "SDWebImageSwiftUI" */;
			productName = SDWebImageSwiftUI;
		};
		EF2BC4792E0B21660055B8D3 /* FirebaseMessaging */ = {
			isa = XCSwiftPackageProductDependency;
			package = EFA43B872DEC9A11004781D4 /* XCRemoteSwiftPackageReference "firebase-ios-sdk" */;
			productName = FirebaseMessaging;
		};
		EF2BC47B2E0B2AFA0055B8D3 /* FirebaseFunctions */ = {
			isa = XCSwiftPackageProductDependency;
			package = EFA43B872DEC9A11004781D4 /* XCRemoteSwiftPackageReference "firebase-ios-sdk" */;
			productName = FirebaseFunctions;
		};
		EF2BC47D2E0B2B0D0055B8D3 /* FirebaseFunctions */ = {
			isa = XCSwiftPackageProductDependency;
			package = EFA43B872DEC9A11004781D4 /* XCRemoteSwiftPackageReference "firebase-ios-sdk" */;
			productName = FirebaseFunctions;
		};
		EF2BC4812E0B353A0055B8D3 /* FirebaseAppCheck */ = {
			isa = XCSwiftPackageProductDependency;
			package = EFA43B872DEC9A11004781D4 /* XCRemoteSwiftPackageReference "firebase-ios-sdk" */;
			productName = FirebaseAppCheck;
		};
		EF2BC4832E0B35420055B8D3 /* FirebaseAppCheck */ = {
			isa = XCSwiftPackageProductDependency;
			package = EFA43B872DEC9A11004781D4 /* XCRemoteSwiftPackageReference "firebase-ios-sdk" */;
			productName = FirebaseAppCheck;
		};
		EF2BC4852E0C0E620055B8D3 /* FirebaseMessaging */ = {
			isa = XCSwiftPackageProductDependency;
			package = EFA43B872DEC9A11004781D4 /* XCRemoteSwiftPackageReference "firebase-ios-sdk" */;
			productName = FirebaseMessaging;
		};
		EF3A362F2E3B1CC800C20E87 /* FirebaseStorage */ = {
			isa = XCSwiftPackageProductDependency;
			package = EFA43B872DEC9A11004781D4 /* XCRemoteSwiftPackageReference "firebase-ios-sdk" */;
			productName = FirebaseStorage;
		};
		EF56FFD42DFA150A00AA14F3 /* SDWebImageSwiftUI */ = {
			isa = XCSwiftPackageProductDependency;
			package = EF56FFD32DFA150A00AA14F3 /* XCRemoteSwiftPackageReference "SDWebImageSwiftUI" */;
			productName = SDWebImageSwiftUI;
		};
		EFA43B882DEC9A11004781D4 /* FirebaseAuth */ = {
			isa = XCSwiftPackageProductDependency;
			package = EFA43B872DEC9A11004781D4 /* XCRemoteSwiftPackageReference "firebase-ios-sdk" */;
			productName = FirebaseAuth;
		};
		EFA43B8A2DEC9A11004781D4 /* FirebaseCore */ = {
			isa = XCSwiftPackageProductDependency;
			package = EFA43B872DEC9A11004781D4 /* XCRemoteSwiftPackageReference "firebase-ios-sdk" */;
			productName = FirebaseCore;
		};
		EFA43B8C2DEC9A11004781D4 /* FirebaseFirestore */ = {
			isa = XCSwiftPackageProductDependency;
			package = EFA43B872DEC9A11004781D4 /* XCRemoteSwiftPackageReference "firebase-ios-sdk" */;
			productName = FirebaseFirestore;
		};
		EFA43BA72DEEB572004781D4 /* FirebaseStorage */ = {
			isa = XCSwiftPackageProductDependency;
			package = EFA43B872DEC9A11004781D4 /* XCRemoteSwiftPackageReference "firebase-ios-sdk" */;
			productName = FirebaseStorage;
		};
/* End XCSwiftPackageProductDependency section */
	};
	rootObject = EFA43B542DEC967E004781D4 /* Project object */;
}
